
Microsoft Visual Studio Solution File, Format Version 12.00
# Visual Studio Version 17
VisualStudioVersion = 17.14.37411.7
MinimumVisualStudioVersion = 10.0.40219.1
Project("{FAE04EC0-301F-11D3-BF4B-00C04F79EFBC}") = "DieselNsteel", "DieselNsteel\DieselNsteel.csproj", "{41A09ECC-9392-4D6F-9EA3-3939068D6124}"
EndProject
Project("{FAE04EC0-301F-11D3-BF4B-00C04F79EFBC}") = "DieselNsteel.Client", "DieselNsteel.Client\DieselNsteel.Client.csproj", "{1B111C6F-0321-4A12-A00D-B18B26934E91}"
EndProject
Global
	GlobalSection(SolutionConfigurationPlatforms) = preSolution
		Debug|Any CPU = Debug|Any CPU
		Release|Any CPU = Release|Any CPU
	EndGlobalSection
	GlobalSection(ProjectConfigurationPlatforms) = postSolution
		{41A09ECC-9392-4D6F-9EA3-3939068D6124}.Debug|Any CPU.ActiveCfg = Debug|Any CPU
		{41A09ECC-9392-4D6F-9EA3-3939068D6124}.Debug|Any CPU.Build.0 = Debug|Any CPU
		{41A09ECC-9392-4D6F-9EA3-3939068D6124}.Release|Any CPU.ActiveCfg = Release|Any CPU
		{41A09ECC-9392-4D6F-9EA3-3939068D6124}.Release|Any CPU.Build.0 = Release|Any CPU
		{1B111C6F-0321-4A12-A00D-B18B26934E91}.Debug|Any CPU.ActiveCfg = Debug|Any CPU
		{1B111C6F-0321-4A12-A00D-B18B26934E91}.Debug|Any CPU.Build.0 = Debug|Any CPU
		{1B111C6F-0321-4A12-A00D-B18B26934E91}.Release|Any CPU.ActiveCfg = Release|Any CPU
		{1B111C6F-0321-4A12-A00D-B18B26934E91}.Release|Any CPU.Build.0 = Release|Any CPU
	EndGlobalSection
	GlobalSection(SolutionProperties) = preSolution
		HideSolutionNode = FALSE
	EndGlobalSection
	GlobalSection(ExtensibilityGlobals) = postSolution
		SolutionGuid = {AF72FFED-0B55-4C17-BC8F-FE6703CA38DE}
	EndGlobalSection
EndGlobal
